
Microsoft Visual Studio Solution File, Format Version 12.00
# Visual Studio Version 16
VisualStudioVersion = 16.0.31624.102
MinimumVisualStudioVersion = 10.0.40219.1
Project("{FAE04EC0-301F-11D3-BF4B-00C04F79EFBC}") = "ELEPHANTSRPG", "ELEPHANTSRPG\ELEPHANTSRPG.csproj", "{B7214C6F-90A3-4C10-ABA4-D83F83772080}"
EndProject
Global
	GlobalSection(SolutionConfigurationPlatforms) = preSolution
		Debug|Any CPU = Debug|Any CPU
		Release|Any CPU = Release|Any CPU
	EndGlobalSection
	GlobalSection(ProjectConfigurationPlatforms) = postSolution
		{B7214C6F-90A3-4C10-ABA4-D83F83772080}.Debug|Any CPU.ActiveCfg = Debug|Any CPU
		{B7214C6F-90A3-4C10-ABA4-D83F83772080}.Debug|Any CPU.Build.0 = Debug|Any CPU
		{B7214C6F-90A3-4C10-ABA4-D83F83772080}.Release|Any CPU.ActiveCfg = Release|Any CPU
		{B7214C6F-90A3-4C10-ABA4-D83F83772080}.Release|Any CPU.Build.0 = Release|Any CPU
	EndGlobalSection
	GlobalSection(SolutionProperties) = preSolution
		HideSolutionNode = FALSE
	EndGlobalSection
	GlobalSection(ExtensibilityGlobals) = postSolution
		SolutionGuid = {A5565774-8924-4668-8C21-068CB65C24AB}
	EndGlobalSection
EndGlobal
